{
  "name": "chat",
  "version": "1.0.0",
  "lockfileVersion": 2,
  "requires": true,
  "packages": {
    "": {
      "name": "chat",
      "version": "1.0.0",
      "license": "ISC",
      "dependencies": {
        "websocketserver": "^1.0.0"
      }
    },
    "node_modules/websocketserver": {
      "version": "1.0.0",
      "resolved": "https://registry.npmjs.org/websocketserver/-/websocketserver-1.0.0.tgz",
      "integrity": "sha512-fo4odsiROcfpcJ1ygO5Z3TQF1spMkEAE1BgdHd96OGN5tNlHysyzgJkh+ra52Pe+0iDH8rlkpAFY0oZJUrhzTg==",
      "bin": {
        "WebSocketServer": "index.js"
      }
    }
  },
  "dependencies": {
    "websocketserver": {
      "version": "1.0.0",
      "resolved": "https://registry.npmjs.org/websocketserver/-/websocketserver-1.0.0.tgz",
      "integrity": "sha512-fo4odsiROcfpcJ1ygO5Z3TQF1spMkEAE1BgdHd96OGN5tNlHysyzgJkh+ra52Pe+0iDH8rlkpAFY0oZJUrhzTg=="
    }
  }
}
